// !$*UTF8*$!
{
	archiveVersion = 1;
	classes = {
	};
	objectVersion = 46;
	objects = {

/* Begin PBXBuildFile section */
		5552285F1A152C21003F2402 /* main.m in Sources */ = {isa = PBXBuildFile; fileRef = 5552285E1A152C21003F2402 /* main.m */; };
		555228621A152C21003F2402 /* AppDelegate.m in Sources */ = {isa = PBXBuildFile; fileRef = 555228611A152C21003F2402 /* AppDelegate.m */; };
		555228651A152C21003F2402 /* CodeSample.xcdatamodeld in Sources */ = {isa = PBXBuildFile; fileRef = 555228631A152C21003F2402 /* CodeSample.xcdatamodeld */; };
		555228681A152C21003F2402 /* ViewController.m in Sources */ = {isa = PBXBuildFile; fileRef = 555228671A152C21003F2402 /* ViewController.m */; };
		5552286B1A152C21003F2402 /* Main.storyboard in Resources */ = {isa = PBXBuildFile; fileRef = 555228691A152C21003F2402 /* Main.storyboard */; };
		5552286D1A152C21003F2402 /* Images.xcassets in Resources */ = {isa = PBXBuildFile; fileRef = 5552286C1A152C21003F2402 /* Images.xcassets */; };
		555228701A152C21003F2402 /* LaunchScreen.xib in Resources */ = {isa = PBXBuildFile; fileRef = 5552286E1A152C21003F2402 /* LaunchScreen.xib */; };
		5552287C1A152C21003F2402 /* CodeSampleTests.m in Sources */ = {isa = PBXBuildFile; fileRef = 5552287B1A152C21003F2402 /* CodeSampleTests.m */; };
/* End PBXBuildFile section */

/* Begin PBXContainerItemProxy section */
		555228761A152C21003F2402 /* PBXContainerItemProxy */ = {
			isa = PBXContainerItemProxy;
			containerPortal = 555228511A152C21003F2402 /* Project object */;
			proxyType = 1;
			remoteGlobalIDString = 555228581A152C21003F2402;
			remoteInfo = CodeSample;
		};
/* End PBXContainerItemProxy section */

/* Begin PBXFileReference section */
		555228591A152C21003F2402 /* CodeSample.app */ = {isa = PBXFileReference; explicitFileType = wrapper.application; includeInIndex = 0; path = CodeSample.app; sourceTree = BUILT_PRODUCTS_DIR; };
		5552285D1A152C21003F2402 /* Info.plist */ = {isa = PBXFileReference; lastKnownFileType = text.plist.xml; path = Info.plist; sourceTree = "<group>"; };
		5552285E1A152C21003F2402 /* main.m */ = {isa = PBXFileReference; lastKnownFileType = sourcecode.c.objc; path = main.m; sourceTree = "<group>"; };
		555228601A152C21003F2402 /* AppDelegate.h */ = {isa = PBXFileReference; lastKnownFileType = sourcecode.c.h; path = AppDelegate.h; sourceTree = "<group>"; };
		555228611A152C21003F2402 /* AppDelegate.m */ = {isa = PBXFileReference; lastKnownFileType = sourcecode.c.objc; path = AppDelegate.m; sourceTree = "<group>"; };
		555228641A152C21003F2402 /* CodeSample.xcdatamodel */ = {isa = PBXFileReference; lastKnownFileType = wrapper.xcdatamodel; path = CodeSample.xcdatamodel; sourceTree = "<group>"; };
		555228661A152C21003F2402 /* ViewController.h */ = {isa = PBXFileReference; lastKnownFileType = sourcecode.c.h; path = ViewController.h; sourceTree = "<group>"; };
		555228671A152C21003F2402 /* ViewController.m */ = {isa = PBXFileReference; lastKnownFileType = sourcecode.c.objc; path = ViewController.m; sourceTree = "<group>"; };
		5552286A1A152C21003F2402 /* Base */ = {isa = PBXFileReference; lastKnownFileType = file.storyboard; name = Base; path = Base.lproj/Main.storyboard; sourceTree = "<group>"; };
		5552286C1A152C21003F2402 /* Images.xcassets */ = {isa = PBXFileReference; lastKnownFileType = folder.assetcatalog; path = Images.xcassets; sourceTree = "<group>"; };
		5552286F1A152C21003F2402 /* Base */ = {isa = PBXFileReference; lastKnownFileType = file.xib; name = Base; path = Base.lproj/LaunchScreen.xib; sourceTree = "<group>"; };
		555228751A152C21003F2402 /* CodeSampleTests.xctest */ = {isa = PBXFileReference; explicitFileType = wrapper.cfbundle; includeInIndex = 0; path = CodeSampleTests.xctest; sourceTree = BUILT_PRODUCTS_DIR; };
		5552287A1A152C21003F2402 /* Info.plist */ = {isa = PBXFileReference; lastKnownFileType = text.plist.xml; path = Info.plist; sourceTree = "<group>"; };
		5552287B1A152C21003F2402 /* CodeSampleTests.m */ = {isa = PBXFileReference; lastKnownFileType = sourcecode.c.objc; path = CodeSampleTests.m; sourceTree = "<group>"; };
/* End PBXFileReference section */

/* Begin PBXFrameworksBuildPhase section */
		555228561A152C21003F2402 /* Frameworks */ = {
			isa = PBXFrameworksBuildPhase;
			buildActionMask = 2147483647;
			files = (
			);
			runOnlyForDeploymentPostprocessing = 0;
		};
		555228721A152C21003F2402 /* Frameworks */ = {
			isa = PBXFrameworksBuildPhase;
			buildActionMask = 2147483647;
			files = (
			);
			runOnlyForDeploymentPostprocessing = 0;
		};
/* End PBXFrameworksBuildPhase section */

/* Begin PBXGroup section */
		555228501A152C21003F2402 = {
			isa = PBXGroup;
			children = (
				5552285B1A152C21003F2402 /* CodeSample */,
				555228781A152C21003F2402 /* CodeSampleTests */,
				5552285A1A152C21003F2402 /* Products */,
			);
			sourceTree = "<group>";
		};
		5552285A1A152C21003F2402 /* Products */ = {
			isa = PBXGroup;
			children = (
				555228591A152C21003F2402 /* CodeSample.app */,
				555228751A152C21003F2402 /* CodeSampleTests.xctest */,
			);
			name = Products;
			sourceTree = "<group>";
		};
		5552285B1A152C21003F2402 /* CodeSample */ = {
			isa = PBXGroup;
			children = (
				555228601A152C21003F2402 /* AppDelegate.h */,
				555228611A152C21003F2402 /* AppDelegate.m */,
				555228661A152C21003F2402 /* ViewController.h */,
				555228671A152C21003F2402 /* ViewController.m */,
				555228691A152C21003F2402 /* Main.storyboard */,
				5552286C1A152C21003F2402 /* Images.xcassets */,
				5552286E1A152C21003F2402 /* LaunchScreen.xib */,
				555228631A152C21003F2402 /* CodeSample.xcdatamodeld */,
				5552285C1A152C21003F2402 /* Supporting Files */,
			);
			path = CodeSample;
			sourceTree = "<group>";
		};
		5552285C1A152C21003F2402 /* Supporting Files */ = {
			isa = PBXGroup;
			children = (
				5552285D1A152C21003F2402 /* Info.plist */,
				5552285E1A152C21003F2402 /* main.m */,
			);
			name = "Supporting Files";
			sourceTree = "<group>";
		};
		555228781A152C21003F2402 /* CodeSampleTests */ = {
			isa = PBXGroup;
			children = (
				5552287B1A152C21003F2402 /* CodeSampleTests.m */,
				555228791A152C21003F2402 /* Supporting Files */,
			);
			path = CodeSampleTests;
			sourceTree = "<group>";
		};
		555228791A152C21003F2402 /* Supporting Files */ = {
			isa = PBXGroup;
			children = (
				5552287A1A152C21003F2402 /* Info.plist */,
			);
			name = "Supporting Files";
			sourceTree = "<group>";
		};
/* End PBXGroup section */

/* Begin PBXNativeTarget section */
		555228581A152C21003F2402 /* CodeSample */ = {
			isa = PBXNativeTarget;
			buildConfigurationList = 5552287F1A152C22003F2402 /* Build configuration list for PBXNativeTarget "CodeSample" */;
			buildPhases = (
				555228551A152C21003F2402 /* Sources */,
				555228561A152C21003F2402 /* Frameworks */,
				555228571A152C21003F2402 /* Resources */,
			);
			buildRules = (
			);
			dependencies = (
			);
			name = CodeSample;
			productName = CodeSample;
			productReference = 555228591A152C21003F2402 /* CodeSample.app */;
			productType = "com.apple.product-type.application";
		};
		555228741A152C21003F2402 /* CodeSampleTests */ = {
			isa = PBXNativeTarget;
			buildConfigurationList = 555228821A152C22003F2402 /* Build configuration list for PBXNativeTarget "CodeSampleTests" */;
			buildPhases = (
				555228711A152C21003F2402 /* Sources */,
				555228721A152C21003F2402 /* Frameworks */,
				555228731A152C21003F2402 /* Resources */,
			);
			buildRules = (
			);
			dependencies = (
				555228771A152C21003F2402 /* PBXTargetDependency */,
			);
			name = CodeSampleTests;
			productName = CodeSampleTests;
			productReference = 555228751A152C21003F2402 /* CodeSampleTests.xctest */;
			productType = "com.apple.product-type.bundle.unit-test";
		};
/* End PBXNativeTarget section */

/* Begin PBXProject section */
		555228511A152C21003F2402 /* Project object */ = {
			isa = PBXProject;
			attributes = {
				LastUpgradeCheck = 0600;
				ORGANIZATIONNAME = Nisco;
				TargetAttributes = {
					555228581A152C21003F2402 = {
						CreatedOnToolsVersion = 6.0.1;
					};
					555228741A152C21003F2402 = {
						CreatedOnToolsVersion = 6.0.1;
						TestTargetID = 555228581A152C21003F2402;
					};
				};
			};
			buildConfigurationList = 555228541A152C21003F2402 /* Build configuration list for PBXProject "CodeSample" */;
			compatibilityVersion = "Xcode 3.2";
			developmentRegion = English;
			hasScannedForEncodings = 0;
			knownRegions = (
				en,
				Base,
			);
			mainGroup = 555228501A152C21003F2402;
			productRefGroup = 5552285A1A152C21003F2402 /* Products */;
			projectDirPath = "";
			projectRoot = "";
			targets = (
				555228581A152C21003F2402 /* CodeSample */,
				555228741A152C21003F2402 /* CodeSampleTests */,
			);
		};
/* End PBXProject section */

/* Begin PBXResourcesBuildPhase section */
		555228571A152C21003F2402 /* Resources */ = {
			isa = PBXResourcesBuildPhase;
			buildActionMask = 2147483647;
			files = (
				5552286B1A152C21003F2402 /* Main.storyboard in Resources */,
				555228701A152C21003F2402 /* LaunchScreen.xib in Resources */,
				5552286D1A152C21003F2402 /* Images.xcassets in Resources */,
			);
			runOnlyForDeploymentPostprocessing = 0;
		};
		555228731A152C21003F2402 /* Resources */ = {
			isa = PBXResourcesBuildPhase;
			buildActionMask = 2147483647;
			files = (
			);
			runOnlyForDeploymentPostprocessing = 0;
		};
/* End PBXResourcesBuildPhase section */

/* Begin PBXSourcesBuildPhase section */
		555228551A152C21003F2402 /* Sources */ = {
			isa = PBXSourcesBuildPhase;
			buildActionMask = 2147483647;
			files = (
				555228621A152C21003F2402 /* AppDelegate.m in Sources */,
				5552285F1A152C21003F2402 /* main.m in Sources */,
				555228681A152C21003F2402 /* ViewController.m in Sources */,
				555228651A152C21003F2402 /* CodeSample.xcdatamodeld in Sources */,
			);
			runOnlyForDeploymentPostprocessing = 0;
		};
		555228711A152C21003F2402 /* Sources */ = {
			isa = PBXSourcesBuildPhase;
			buildActionMask = 2147483647;
			files = (
				5552287C1A152C21003F2402 /* CodeSampleTests.m in Sources */,
			);
			runOnlyForDeploymentPostprocessing = 0;
		};
/* End PBXSourcesBuildPhase section */

/* Begin PBXTargetDependency section */
		555228771A152C21003F2402 /* PBXTargetDependency */ = {
			isa = PBXTargetDependency;
			target = 555228581A152C21003F2402 /* CodeSample */;
			targetProxy = 555228761A152C21003F2402 /* PBXContainerItemProxy */;
		};
/* End PBXTargetDependency section */

/* Begin PBXVariantGroup section */
		555228691A152C21003F2402 /* Main.storyboard */ = {
			isa = PBXVariantGroup;
			children = (
				5552286A1A152C21003F2402 /* Base */,
			);
			name = Main.storyboard;
			sourceTree = "<group>";
		};
		5552286E1A152C21003F2402 /* LaunchScreen.xib */ = {
			isa = PBXVariantGroup;
			children = (
				5552286F1A152C21003F2402 /* Base */,
			);
			name = LaunchScreen.xib;
			sourceTree = "<group>";
		};
/* End PBXVariantGroup section */

/* Begin XCBuildConfiguration section */
		5552287D1A152C22003F2402 /* Debug */ = {
			isa = XCBuildConfiguration;
			buildSettings = {
				ALWAYS_SEARCH_USER_PATHS = NO;
				CLANG_CXX_LANGUAGE_STANDARD = "gnu++0x";
				CLANG_CXX_LIBRARY = "libc++";
				CLANG_ENABLE_MODULES = YES;
				CLANG_ENABLE_OBJC_ARC = YES;
				CLANG_WARN_BOOL_CONVERSION = YES;
				CLANG_WARN_CONSTANT_CONVERSION = YES;
				CLANG_WARN_DIRECT_OBJC_ISA_USAGE = YES_ERROR;
				CLANG_WARN_EMPTY_BODY = YES;
				CLANG_WARN_ENUM_CONVERSION = YES;
				CLANG_WARN_INT_CONVERSION = YES;
				CLANG_WARN_OBJC_ROOT_CLASS = YES_ERROR;
				CLANG_WARN_UNREACHABLE_CODE = YES;
				CLANG_WARN__DUPLICATE_METHOD_MATCH = YES;
				"CODE_SIGN_IDENTITY[sdk=iphoneos*]" = "iPhone Developer";
				COPY_PHASE_STRIP = NO;
				ENABLE_STRICT_OBJC_MSGSEND = YES;
				GCC_C_LANGUAGE_STANDARD = gnu99;
				GCC_DYNAMIC_NO_PIC = NO;
				GCC_OPTIMIZATION_LEVEL = 0;
				GCC_PREPROCESSOR_DEFINITIONS = (
					"DEBUG=1",
					"$(inherited)",
				);
				GCC_SYMBOLS_PRIVATE_EXTERN = NO;
				GCC_WARN_64_TO_32_BIT_CONVERSION = YES;
				GCC_WARN_ABOUT_RETURN_TYPE = YES_ERROR;
				GCC_WARN_UNDECLARED_SELECTOR = YES;
				GCC_WARN_UNINITIALIZED_AUTOS = YES_AGGRESSIVE;
				GCC_WARN_UNUSED_FUNCTION = YES;
				GCC_WARN_UNUSED_VARIABLE = YES;
				IPHONEOS_DEPLOYMENT_TARGET = 8.0;
				MTL_ENABLE_DEBUG_INFO = YES;
				ONLY_ACTIVE_ARCH = YES;
				SDKROOT = iphoneos;
				TARGETED_DEVICE_FAMILY = "1,2";
			};
			name = Debug;
		};
		5552287E1A152C22003F2402 /* Release */ = {
			isa = XCBuildConfiguration;
			buildSettings = {
				ALWAYS_SEARCH_USER_PATHS = NO;
				CLANG_CXX_LANGUAGE_STANDARD = "gnu++0x";
				CLANG_CXX_LIBRARY = "libc++";
				CLANG_ENABLE_MODULES = YES;
				CLANG_ENABLE_OBJC_ARC = YES;
				CLANG_WARN_BOOL_CONVERSION = YES;
				CLANG_WARN_CONSTANT_CONVERSION = YES;
				CLANG_WARN_DIRECT_OBJC_ISA_USAGE = YES_ERROR;
				CLANG_WARN_EMPTY_BODY = YES;
				CLANG_WARN_ENUM_CONVERSION = YES;
				CLANG_WARN_INT_CONVERSION = YES;
				CLANG_WARN_OBJC_ROOT_CLASS = YES_ERROR;
				CLANG_WARN_UNREACHABLE_CODE = YES;
				CLANG_WARN__DUPLICATE_METHOD_MATCH = YES;
				"CODE_SIGN_IDENTITY[sdk=iphoneos*]" = "iPhone Developer";
				COPY_PHASE_STRIP = YES;
				ENABLE_NS_ASSERTIONS = NO;
				ENABLE_STRICT_OBJC_MSGSEND = YES;
				GCC_C_LANGUAGE_STANDARD = gnu99;
				GCC_WARN_64_TO_32_BIT_CONVERSION = YES;
				GCC_WARN_ABOUT_RETURN_TYPE = YES_ERROR;
				GCC_WARN_UNDECLARED_SELECTOR = YES;
				GCC_WARN_UNINITIALIZED_AUTOS = YES_AGGRESSIVE;
				GCC_WARN_UNUSED_FUNCTION = YES;
				GCC_WARN_UNUSED_VARIABLE = YES;
				IPHONEOS_DEPLOYMENT_TARGET = 8.0;
				MTL_ENABLE_DEBUG_INFO = NO;
				SDKROOT = iphoneos;
				TARGETED_DEVICE_FAMILY = "1,2";
				VALIDATE_PRODUCT = YES;
			};
			name = Release;
		};
		555228801A152C22003F2402 /* Debug */ = {
			isa = XCBuildConfiguration;
			buildSettings = {
				ASSETCATALOG_COMPILER_APPICON_NAME = AppIcon;
				INFOPLIST_FILE = CodeSample/Info.plist;
				LD_RUNPATH_SEARCH_PATHS = "$(inherited) @executable_path/Frameworks";
				PRODUCT_NAME = "$(TARGET_NAME)";
			};
			name = Debug;
		};
		555228811A152C22003F2402 /* Release */ = {
			isa = XCBuildConfiguration;
			buildSettings = {
				ASSETCATALOG_COMPILER_APPICON_NAME = AppIcon;
				INFOPLIST_FILE = CodeSample/Info.plist;
				LD_RUNPATH_SEARCH_PATHS = "$(inherited) @executable_path/Frameworks";
				PRODUCT_NAME = "$(TARGET_NAME)";
			};
			name = Release;
		};
		555228831A152C22003F2402 /* Debug */ = {
			isa = XCBuildConfiguration;
			buildSettings = {
				BUNDLE_LOADER = "$(TEST_HOST)";
				FRAMEWORK_SEARCH_PATHS = (
					"$(SDKROOT)/Developer/Library/Frameworks",
					"$(inherited)",
				);
				GCC_PREPROCESSOR_DEFINITIONS = (
					"DEBUG=1",
					"$(inherited)",
				);
				INFOPLIST_FILE = CodeSampleTests/Info.plist;
				LD_RUNPATH_SEARCH_PATHS = "$(inherited) @executable_path/Frameworks @loader_path/Frameworks";
				PRODUCT_NAME = "$(TARGET_NAME)";
				TEST_HOST = "$(BUILT_PRODUCTS_DIR)/CodeSample.app/CodeSample";
			};
			name = Debug;
		};
		555228841A152C22003F2402 /* Release */ = {
			isa = XCBuildConfiguration;
			buildSettings = {
				BUNDLE_LOADER = "$(TEST_HOST)";
				FRAMEWORK_SEARCH_PATHS = (
					"$(SDKROOT)/Developer/Library/Frameworks",
					"$(inherited)",
				);
				INFOPLIST_FILE = CodeSampleTests/Info.plist;
				LD_RUNPATH_SEARCH_PATHS = "$(inherited) @executable_path/Frameworks @loader_path/Frameworks";
				PRODUCT_NAME = "$(TARGET_NAME)";
				TEST_HOST = "$(BUILT_PRODUCTS_DIR)/CodeSample.app/CodeSample";
			};
			name = Release;
		};
/* End XCBuildConfiguration section */

/* Begin XCConfigurationList section */
		555228541A152C21003F2402 /* Build configuration list for PBXProject "CodeSample" */ = {
			isa = XCConfigurationList;
			buildConfigurations = (
				5552287D1A152C22003F2402 /* Debug */,
				5552287E1A152C22003F2402 /* Release */,
			);
			defaultConfigurationIsVisible = 0;
			defaultConfigurationName = Release;
		};
		5552287F1A152C22003F2402 /* Build configuration list for PBXNativeTarget "CodeSample" */ = {
			isa = XCConfigurationList;
			buildConfigurations = (
				555228801A152C22003F2402 /* Debug */,
				555228811A152C22003F2402 /* Release */,
			);
			defaultConfigurationIsVisible = 0;
		};
		555228821A152C22003F2402 /* Build configuration list for PBXNativeTarget "CodeSampleTests" */ = {
			isa = XCConfigurationList;
			buildConfigurations = (
				555228831A152C22003F2402 /* Debug */,
				555228841A152C22003F2402 /* Release */,
			);
			defaultConfigurationIsVisible = 0;
		};
/* End XCConfigurationList section */

/* Begin XCVersionGroup section */
		555228631A152C21003F2402 /* CodeSample.xcdatamodeld */ = {
			isa = XCVersionGroup;
			children = (
				555228641A152C21003F2402 /* CodeSample.xcdatamodel */,
			);
			currentVersion = 555228641A152C21003F2402 /* CodeSample.xcdatamodel */;
			path = CodeSample.xcdatamodeld;
			sourceTree = "<group>";
			versionGroupType = wrapper.xcdatamodel;
		};
/* End XCVersionGroup section */
	};
	rootObject = 555228511A152C21003F2402 /* Project object */;
}
